
Microsoft Visual Studio Solution File, Format Version 12.00
# Visual Studio Version 17
VisualStudioVersion = 17.14.36310.24
MinimumVisualStudioVersion = 10.0.40219.1
Project("{FAE04EC0-301F-11D3-BF4B-00C04F79EFBC}") = "SegundoSemestre", "SegundoSemestre\SegundoSemestre.csproj", "{77DCE071-9EA9-4B99-AE38-721F1899DF6E}"
EndProject
Project("{2150E333-8FDC-42A3-9474-1A3956D46DE8}") = "Itens de Solução", "Itens de Solução", "{380A7511-A354-6D7A-0CC0-8FA1F1BA7B6C}"
EndProject
Global
	GlobalSection(SolutionConfigurationPlatforms) = preSolution
		Debug|Any CPU = Debug|Any CPU
		Release|Any CPU = Release|Any CPU
	EndGlobalSection
	GlobalSection(ProjectConfigurationPlatforms) = postSolution
		{77DCE071-9EA9-4B99-AE38-721F1899DF6E}.Debug|Any CPU.ActiveCfg = Debug|Any CPU
		{77DCE071-9EA9-4B99-AE38-721F1899DF6E}.Debug|Any CPU.Build.0 = Debug|Any CPU
		{77DCE071-9EA9-4B99-AE38-721F1899DF6E}.Release|Any CPU.ActiveCfg = Release|Any CPU
		{77DCE071-9EA9-4B99-AE38-721F1899DF6E}.Release|Any CPU.Build.0 = Release|Any CPU
	EndGlobalSection
	GlobalSection(SolutionProperties) = preSolution
		HideSolutionNode = FALSE
	EndGlobalSection
	GlobalSection(ExtensibilityGlobals) = postSolution
		SolutionGuid = {DF6B5F74-7D46-432E-8007-756ADE9B4D36}
	EndGlobalSection
EndGlobal
